
Microsoft Visual Studio Solution File, Format Version 12.00
# Visual Studio Version 17
VisualStudioVersion = 17.10.35004.147
MinimumVisualStudioVersion = 10.0.40219.1
Project("{9A19103F-16F7-4668-BE54-9A1E7A4F7556}") = "TareaBlazor2", "TareaBlazor2\TareaBlazor2.csproj", "{76AF5EA9-2AF9-4583-8330-DB114FD1D456}"
EndProject
Global
	GlobalSection(SolutionConfigurationPlatforms) = preSolution
		Debug|Any CPU = Debug|Any CPU
		Release|Any CPU = Release|Any CPU
	EndGlobalSection
	GlobalSection(ProjectConfigurationPlatforms) = postSolution
		{76AF5EA9-2AF9-4583-8330-DB114FD1D456}.Debug|Any CPU.ActiveCfg = Debug|Any CPU
		{76AF5EA9-2AF9-4583-8330-DB114FD1D456}.Debug|Any CPU.Build.0 = Debug|Any CPU
		{76AF5EA9-2AF9-4583-8330-DB114FD1D456}.Release|Any CPU.ActiveCfg = Release|Any CPU
		{76AF5EA9-2AF9-4583-8330-DB114FD1D456}.Release|Any CPU.Build.0 = Release|Any CPU
	EndGlobalSection
	GlobalSection(SolutionProperties) = preSolution
		HideSolutionNode = FALSE
	EndGlobalSection
	GlobalSection(ExtensibilityGlobals) = postSolution
		SolutionGuid = {446432FA-5D5C-4815-96C8-A0107A78D280}
	EndGlobalSection
EndGlobal
